{
  "nodes": {
    "nixpkgs": {
      "locked": {
        "lastModified": 1775455784,
        "narHash": "sha256-CHB0PHvbbjH2BA1z28qsSPcLRoxhYIfq3EarJK8xdMs=",
        "owner": "nixos",
        "repo": "nixpkgs",
        "rev": "cd0c9bad57c3c9972486513621794e390e19bdc5",
        "type": "github"
      },
      "original": {
        "owner": "nixos",
        "ref": "release-25.11",
        "repo": "nixpkgs",
        "type": "github"
      }
    },
    "root": {
      "inputs": {
        "nixpkgs": "nixpkgs"
      }
    }
  },
  "root": "root",
  "version": 7
}
