{
  "nodes": {
    "nixpkgs": {
      "locked": {
        "lastModified": 1781178574,
        "narHash": "sha256-h3tDIY2ne61ET0HFrqF39hKh6G6HRJsVB8qfLihgRY0=",
        "owner": "nixos",
        "repo": "nixpkgs",
        "rev": "1ffcb565f78f815d8f90ed789e9de5ccf2defaa7",
        "type": "github"
      },
      "original": {
        "owner": "nixos",
        "ref": "release-26.05",
        "repo": "nixpkgs",
        "type": "github"
      }
    },
    "root": {
      "inputs": {
        "nixpkgs": "nixpkgs"
      }
    }
  },
  "root": "root",
  "version": 7
}
