{
  "nodes": {
    "nixpkgs": {
      "locked": {
        "lastModified": 1777540149,
        "narHash": "sha256-zuMVlNPe9Rna81WgzEtMgsYc4ZIlDwAFIXJa1No8IKg=",
        "owner": "nixos",
        "repo": "nixpkgs",
        "rev": "77e05f5c9d6543f75acf2f79048127cbafb79da5",
        "type": "github"
      },
      "original": {
        "owner": "nixos",
        "ref": "release-25.11",
        "repo": "nixpkgs",
        "type": "github"
      }
    },
    "root": {
      "inputs": {
        "nixpkgs": "nixpkgs"
      }
    }
  },
  "root": "root",
  "version": 7
}
